# generated by rye
# use `rye lock` or `rye sync` to update this lockfile
#
# last locked with the following flags:
#   pre: false
#   features: []
#   all-features: false
#   with-sources: false

-e file:.
certifi==2024.2.2
    # via requests
charset-normalizer==3.3.2
    # via requests
colorama==0.4.6
    # via rename
idna==3.7
    # via requests
natsort==8.4.0
    # via rename
pyotp==2.9.0
    # via rename
requests==2.31.0
    # via rename
urllib3==2.2.1
    # via requests
