# generated by rye
# use `rye lock` or `rye sync` to update this lockfile
#
# last locked with the following flags:
#   pre: false
#   features: []
#   all-features: false
#   with-sources: false
#   generate-hashes: false
#   universal: false

-e file:.
annotated-types==0.7.0
    # via pydantic
build==1.2.1
certifi==2024.2.2
    # via requests
charset-normalizer==3.3.2
    # via requests
colorama==0.4.6
    # via alistmediarename
    # via build
    # via pytest
idna==3.7
    # via requests
iniconfig==2.0.0
    # via pytest
natsort==8.4.0
    # via alistmediarename
packaging==24.1
    # via build
    # via pytest
pluggy==1.5.0
    # via pytest
pydantic==2.8.2
    # via alistmediarename
pydantic-core==2.20.1
    # via pydantic
pyotp==2.9.0
    # via alistmediarename
pyproject-hooks==1.1.0
    # via build
pytest==8.3.2
requests==2.31.0
    # via alistmediarename
typing-extensions==4.12.2
    # via pydantic
    # via pydantic-core
urllib3==2.2.1
    # via requests
